
Microsoft Visual Studio Solution File, Format Version 12.00
# Visual Studio Version 17
VisualStudioVersion = 17.6.33723.286
MinimumVisualStudioVersion = 10.0.40219.1
Project("{FAE04EC0-301F-11D3-BF4B-00C04F79EFBC}") = "HangmanGame", "HangmanGame\HangmanGame.csproj", "{FC36B228-BED5-42DC-828D-1F405D9DE07F}"
EndProject
Global
	GlobalSection(SolutionConfigurationPlatforms) = preSolution
		Debug|Any CPU = Debug|Any CPU
		Release|Any CPU = Release|Any CPU
	EndGlobalSection
	GlobalSection(ProjectConfigurationPlatforms) = postSolution
		{FC36B228-BED5-42DC-828D-1F405D9DE07F}.Debug|Any CPU.ActiveCfg = Debug|Any CPU
		{FC36B228-BED5-42DC-828D-1F405D9DE07F}.Debug|Any CPU.Build.0 = Debug|Any CPU
		{FC36B228-BED5-42DC-828D-1F405D9DE07F}.Release|Any CPU.ActiveCfg = Release|Any CPU
		{FC36B228-BED5-42DC-828D-1F405D9DE07F}.Release|Any CPU.Build.0 = Release|Any CPU
	EndGlobalSection
	GlobalSection(SolutionProperties) = preSolution
		HideSolutionNode = FALSE
	EndGlobalSection
	GlobalSection(ExtensibilityGlobals) = postSolution
		SolutionGuid = {78FB4387-2FF0-45FA-8E74-F427A11B28A1}
	EndGlobalSection
EndGlobal
